{
  "lockfileVersion": 1,
  "workspaces": {
    "": {
      "name": "ecosystem-ci",
      "dependencies": {
        "@buildkite/buildkite-sdk": "^0.2.0",
        "commander": "^13.1.0",
      },
      "devDependencies": {
        "@types/bun": "latest",
        "oxlint": "^0.15.6",
        "prettier": "^3.4.2",
      },
      "peerDependencies": {
        "typescript": "^5.0.0",
      },
    },
  },
  "packages": {
    "@buildkite/buildkite-sdk": ["@buildkite/buildkite-sdk@0.2.0", "", { "dependencies": { "tslib": "^2.3.0", "yaml": "^2.6.1" } }, "sha512-vwyPd/HokZIzYT4283fFBoTPMmQPP6z82b92Yr/nl7rfh3iOgSPgQhDkdMdLiLEv7ZuSEbRKOyloMbZKromKyA=="],

    "@oxlint/darwin-arm64": ["@oxlint/darwin-arm64@0.15.6", "", { "os": "darwin", "cpu": "arm64" }, "sha512-Oyx21zpBMttAykoL3VSXM4ScfO0OygKAVFJlRFzh14CF4pnMQRcQ8fIH38BXy6wdE3YyZ9ml1ZspsCwguqb/3A=="],

    "@oxlint/darwin-x64": ["@oxlint/darwin-x64@0.15.6", "", { "os": "darwin", "cpu": "x64" }, "sha512-fNjxp7MBflKYyvvYgvjvAaCnVdYE3QZkscNhd8ygMko4yFErzPnvPong04QhvNN/cSxrL74nowMHrijPxZbm6Q=="],

    "@oxlint/linux-arm64-gnu": ["@oxlint/linux-arm64-gnu@0.15.6", "", { "os": "linux", "cpu": "arm64" }, "sha512-/yLShYUGVQV/lCxKDEKaZr5+QQm68NKuFkLcB3z0Qcd45BVdpa/0HGoOpOL7mexo+zxZkRQSGn7x2idVYv2Tng=="],

    "@oxlint/linux-arm64-musl": ["@oxlint/linux-arm64-musl@0.15.6", "", { "os": "linux", "cpu": "arm64" }, "sha512-S0i/xb/TEep2CjZ11D4BxifsaX2a1LyuxW1hFcREMebtXJjpZMFfCNR7Cnwk7tp6eWiXLo3DJ/6iPLkxV6iivg=="],

    "@oxlint/linux-x64-gnu": ["@oxlint/linux-x64-gnu@0.15.6", "", { "os": "linux", "cpu": "x64" }, "sha512-BNSRAn2SMF2/TVpQ/Y/Sg4emXia3Kfihu2apVFLyRj2h2lJCB0g/Us3gjRux2AoD4KkdlMJiqY/Tnaz2xMq49w=="],

    "@oxlint/linux-x64-musl": ["@oxlint/linux-x64-musl@0.15.6", "", { "os": "linux", "cpu": "x64" }, "sha512-BUv/dJIBXeinL2vgy1CvzwqbvnDfydU10urbofOF8XXob6AmDewZSIr3ctDvd5qJisR7oEhAuxH4+rPkKnmjEw=="],

    "@oxlint/win32-arm64": ["@oxlint/win32-arm64@0.15.6", "", { "os": "win32", "cpu": "arm64" }, "sha512-keVVbVxWBZ4myHlokg1JDQ0Fw2+iXMJSwbM3yr5SXXtMm7UgNaO3fGVAFA4Kv9OovhVCpfeqZy63gIgSv/w3oA=="],

    "@oxlint/win32-x64": ["@oxlint/win32-x64@0.15.6", "", { "os": "win32", "cpu": "x64" }, "sha512-onKba1QPlcX6sVBMp8KqsAmjgZfaanFZcYGYl6o6q6dzuZSLuKWCPyn/OeJ1PYryYVsbDKZYaCzLoBLrY13MqQ=="],

    "@types/bun": ["@types/bun@1.1.16", "", { "dependencies": { "bun-types": "1.1.43" } }, "sha512-E+ue6NMcn4FXC5bDRE1W/BXUVs01h5Mt02qH8/8HGCox9akuh8KNOFdwvaQS9TDgT2RmUyJYFRRqA60WtTnm2g=="],

    "@types/node": ["@types/node@20.12.14", "", { "dependencies": { "undici-types": "~5.26.4" } }, "sha512-scnD59RpYD91xngrQQLGkE+6UrHUPzeKZWhhjBSa3HSkwjbQc38+q3RoIVEwxQGRw3M+j5hpNAM+lgV3cVormg=="],

    "@types/ws": ["@types/ws@8.5.13", "", { "dependencies": { "@types/node": "*" } }, "sha512-osM/gWBTPKgHV8XkTunnegTRIsvF6owmf5w+JtAfOw472dptdm0dlGv4xCt6GwQRcC2XVOvvRE/0bAoQcL2QkA=="],

    "bun-types": ["bun-types@1.1.43", "", { "dependencies": { "@types/node": "~20.12.8", "@types/ws": "~8.5.10" } }, "sha512-W0wCtVH+bwFp7p3Zgs03CqxEDmXxEvmmUM/FBKgWIv9T8gyeotvIjIbHzuDScc2DphhRNtr7hJLCR5PspYL5qw=="],

    "commander": ["commander@13.1.0", "", {}, "sha512-/rFeCpNJQbhSZjGVwO9RFV3xPqbnERS8MmIQzCtD/zl6gpJuV/bMLuN92oG3F7d8oDEHHRrujSXNUr8fpjntKw=="],

    "oxlint": ["oxlint@0.15.6", "", { "optionalDependencies": { "@oxlint/darwin-arm64": "0.15.6", "@oxlint/darwin-x64": "0.15.6", "@oxlint/linux-arm64-gnu": "0.15.6", "@oxlint/linux-arm64-musl": "0.15.6", "@oxlint/linux-x64-gnu": "0.15.6", "@oxlint/linux-x64-musl": "0.15.6", "@oxlint/win32-arm64": "0.15.6", "@oxlint/win32-x64": "0.15.6" }, "bin": { "oxlint": "bin/oxlint", "oxc_language_server": "bin/oxc_language_server" } }, "sha512-LiDI0mIzvnL/oQq7AyAganWAKtk/RaiOKdACnzeJDe64gWp7c+0y3T554IvfWd/9kVt5awlvyg5eRRp67PaxNA=="],

    "prettier": ["prettier@3.4.2", "", { "bin": { "prettier": "bin/prettier.cjs" } }, "sha512-e9MewbtFo+Fevyuxn/4rrcDAaq0IYxPGLvObpQjiZBMAzB9IGmzlnG9RZy3FFas+eBMu2vA0CszMeduow5dIuQ=="],

    "tslib": ["tslib@2.8.1", "", {}, "sha512-oJFu94HQb+KVduSUQL7wnpmqnfmLsOA/nAh6b6EH0wCEoK0/mPeXU6c3wKDV83MkOuHPRHtSXKKU99IBazS/2w=="],

    "typescript": ["typescript@5.7.3", "", { "bin": { "tsc": "bin/tsc", "tsserver": "bin/tsserver" } }, "sha512-84MVSjMEHP+FQRPy3pX9sTVV/INIex71s9TL2Gm5FG/WG1SqXeKyZ0k7/blY/4FdOzI12CBy1vGc4og/eus0fw=="],

    "undici-types": ["undici-types@5.26.5", "", {}, "sha512-JlCMO+ehdEIKqlFxk6IfVoAUVmgz7cU7zD/h9XZ0qzeosSHmUJVOzSQvvYSYWXkFXC+IfLKSIffhv0sVZup6pA=="],

    "yaml": ["yaml@2.7.1", "", { "bin": { "yaml": "bin.mjs" } }, "sha512-10ULxpnOCQXxJvBgxsn9ptjq6uviG/htZKk9veJGhlqn3w/DxQ631zFF+nlQXLwmImeS5amR2dl2U8sg6U9jsQ=="],
  }
}
